
Microsoft Visual Studio Solution File, Format Version 12.00
# Visual Studio Version 16
VisualStudioVersion = 16.0.31624.102
MinimumVisualStudioVersion = 10.0.40219.1
Project("{FAE04EC0-301F-11D3-BF4B-00C04F79EFBC}") = "Otus-Tanks", "Otus-Tanks\Otus-Tanks.csproj", "{F09DD67E-1F85-4155-96AE-19E6AFEF63B1}"
EndProject
Global
	GlobalSection(SolutionConfigurationPlatforms) = preSolution
		Debug|Any CPU = Debug|Any CPU
		Release|Any CPU = Release|Any CPU
	EndGlobalSection
	GlobalSection(ProjectConfigurationPlatforms) = postSolution
		{F09DD67E-1F85-4155-96AE-19E6AFEF63B1}.Debug|Any CPU.ActiveCfg = Debug|Any CPU
		{F09DD67E-1F85-4155-96AE-19E6AFEF63B1}.Debug|Any CPU.Build.0 = Debug|Any CPU
		{F09DD67E-1F85-4155-96AE-19E6AFEF63B1}.Release|Any CPU.ActiveCfg = Release|Any CPU
		{F09DD67E-1F85-4155-96AE-19E6AFEF63B1}.Release|Any CPU.Build.0 = Release|Any CPU
	EndGlobalSection
	GlobalSection(SolutionProperties) = preSolution
		HideSolutionNode = FALSE
	EndGlobalSection
	GlobalSection(ExtensibilityGlobals) = postSolution
		SolutionGuid = {EFDF52E8-7DCD-4CA5-8ED0-4D89C8E6D929}
	EndGlobalSection
EndGlobal
